
Microsoft Visual Studio Solution File, Format Version 12.00
# Visual Studio Express 2013 for Windows Desktop
VisualStudioVersion = 12.0.40629.0
MinimumVisualStudioVersion = 10.0.40219.1
Project("{8BC9CEB8-8B4A-11D0-8D11-00A0C91BC942}") = "lab4_cpen333", "lab4_cpen333\lab4_cpen333.vcxproj", "{FAB719DA-73C9-4521-B663-8AD567AF3241}"
EndProject
Project("{8BC9CEB8-8B4A-11D0-8D11-00A0C91BC942}") = "ui", "ui\ui.vcxproj", "{E894107B-FAB4-41B9-A4DB-61F95C170558}"
EndProject
Project("{8BC9CEB8-8B4A-11D0-8D11-00A0C91BC942}") = "runner", "runner\runner.vcxproj", "{E6CB7820-970E-4F95-B0F4-9F179D82ABDB}"
EndProject
Project("{2150E333-8FDC-42A3-9474-1A3956D46DE8}") = "bin", "bin", "{95B6C0BC-A16A-4137-A56A-E25F9A707C1B}"
EndProject
Global
	GlobalSection(SolutionConfigurationPlatforms) = preSolution
		Debug|Win32 = Debug|Win32
		Release|Win32 = Release|Win32
	EndGlobalSection
	GlobalSection(ProjectConfigurationPlatforms) = postSolution
		{FAB719DA-73C9-4521-B663-8AD567AF3241}.Debug|Win32.ActiveCfg = Debug|Win32
		{FAB719DA-73C9-4521-B663-8AD567AF3241}.Debug|Win32.Build.0 = Debug|Win32
		{FAB719DA-73C9-4521-B663-8AD567AF3241}.Release|Win32.ActiveCfg = Release|Win32
		{FAB719DA-73C9-4521-B663-8AD567AF3241}.Release|Win32.Build.0 = Release|Win32
		{E894107B-FAB4-41B9-A4DB-61F95C170558}.Debug|Win32.ActiveCfg = Debug|Win32
		{E894107B-FAB4-41B9-A4DB-61F95C170558}.Debug|Win32.Build.0 = Debug|Win32
		{E894107B-FAB4-41B9-A4DB-61F95C170558}.Release|Win32.ActiveCfg = Release|Win32
		{E894107B-FAB4-41B9-A4DB-61F95C170558}.Release|Win32.Build.0 = Release|Win32
		{E6CB7820-970E-4F95-B0F4-9F179D82ABDB}.Debug|Win32.ActiveCfg = Debug|Win32
		{E6CB7820-970E-4F95-B0F4-9F179D82ABDB}.Debug|Win32.Build.0 = Debug|Win32
		{E6CB7820-970E-4F95-B0F4-9F179D82ABDB}.Release|Win32.ActiveCfg = Release|Win32
		{E6CB7820-970E-4F95-B0F4-9F179D82ABDB}.Release|Win32.Build.0 = Release|Win32
	EndGlobalSection
	GlobalSection(SolutionProperties) = preSolution
		HideSolutionNode = FALSE
	EndGlobalSection
EndGlobal
